// !$*UTF8*$!
{
	archiveVersion = 1;
	classes = {
	};
	objectVersion = 50;
	objects = {

/* Begin PBXBuildFile section */
		5115AEAE5BAB2DE90B9B3DDD /* Pods_RickAndMortyTests.framework in Frameworks */ = {isa = PBXBuildFile; fileRef = A133B8890FCF55A480260E5A /* Pods_RickAndMortyTests.framework */; };
		8A08182226AC9511007570BF /* MenuViewModel.swift in Sources */ = {isa = PBXBuildFile; fileRef = 8A08182126AC9511007570BF /* MenuViewModel.swift */; };
		8A12178B26A924A100C82E5D /* SectionsListController.swift in Sources */ = {isa = PBXBuildFile; fileRef = 8A12178A26A924A100C82E5D /* SectionsListController.swift */; };
		8A12179326A924B200C82E5D /* SectionController.swift in Sources */ = {isa = PBXBuildFile; fileRef = 8A12179226A924B200C82E5D /* SectionController.swift */; };
		8A12179826A924C900C82E5D /* FilterController.swift in Sources */ = {isa = PBXBuildFile; fileRef = 8A12179726A924C900C82E5D /* FilterController.swift */; };
		8A12179D26A9256B00C82E5D /* SectionsCell.swift in Sources */ = {isa = PBXBuildFile; fileRef = 8A12179C26A9256B00C82E5D /* SectionsCell.swift */; };
		8A20D83626DF95EE008BB604 /* Colors.xcassets in Resources */ = {isa = PBXBuildFile; fileRef = 8A20D83526DF95EE008BB604 /* Colors.xcassets */; };
		8A22048D26AE0D5C00C8C08F /* CharacterModel.swift in Sources */ = {isa = PBXBuildFile; fileRef = 8A22048C26AE0D5C00C8C08F /* CharacterModel.swift */; };
		8A22049526AE117E00C8C08F /* CharacterViewModel.swift in Sources */ = {isa = PBXBuildFile; fileRef = 8A22049426AE117E00C8C08F /* CharacterViewModel.swift */; };
		8A22049A26AE118E00C8C08F /* CharacterViewViewModel.swift in Sources */ = {isa = PBXBuildFile; fileRef = 8A22049926AE118D00C8C08F /* CharacterViewViewModel.swift */; };
		8A22D2D426D518B700E41FB5 /* FilterHeader.swift in Sources */ = {isa = PBXBuildFile; fileRef = 8A22D2D326D518B700E41FB5 /* FilterHeader.swift */; };
		8A25951826A8D3DF00687121 /* MenuModel.swift in Sources */ = {isa = PBXBuildFile; fileRef = 8A25951726A8D3DF00687121 /* MenuModel.swift */; };
		8A27F6E126AB702B0019467C /* MenuViewViewModel.swift in Sources */ = {isa = PBXBuildFile; fileRef = 8A27F6E026AB702B0019467C /* MenuViewViewModel.swift */; };
		8A3AD99426C07D1C006B9607 /* ButtonView.swift in Sources */ = {isa = PBXBuildFile; fileRef = 8A3AD99326C07D1C006B9607 /* ButtonView.swift */; };
		8A3D004326A89965008BACDC /* AppDelegate.swift in Sources */ = {isa = PBXBuildFile; fileRef = 8A3D004226A89965008BACDC /* AppDelegate.swift */; };
		8A3D004526A89965008BACDC /* SceneDelegate.swift in Sources */ = {isa = PBXBuildFile; fileRef = 8A3D004426A89965008BACDC /* SceneDelegate.swift */; };
		8A3D004726A89965008BACDC /* MenuController.swift in Sources */ = {isa = PBXBuildFile; fileRef = 8A3D004626A89965008BACDC /* MenuController.swift */; };
		8A3D004C26A89966008BACDC /* Assets.xcassets in Resources */ = {isa = PBXBuildFile; fileRef = 8A3D004B26A89966008BACDC /* Assets.xcassets */; };
		8A3D004F26A89966008BACDC /* LaunchScreen.storyboard in Resources */ = {isa = PBXBuildFile; fileRef = 8A3D004D26A89966008BACDC /* LaunchScreen.storyboard */; };
		8A3D005A26A89967008BACDC /* RickAndMortyTests.swift in Sources */ = {isa = PBXBuildFile; fileRef = 8A3D005926A89967008BACDC /* RickAndMortyTests.swift */; };
		8A3D006526A89967008BACDC /* RickAndMortyUITests.swift in Sources */ = {isa = PBXBuildFile; fileRef = 8A3D006426A89967008BACDC /* RickAndMortyUITests.swift */; };
		8A3D008826A8A00C008BACDC /* MenuCell.swift in Sources */ = {isa = PBXBuildFile; fileRef = 8A3D008726A8A00C008BACDC /* MenuCell.swift */; };
		8A4784F526DEDE3600E07B9C /* RefreshControlPickleRick.xib in Resources */ = {isa = PBXBuildFile; fileRef = 8A4784F426DEDE3600E07B9C /* RefreshControlPickleRick.xib */; };
		8A52A75A26AF24B90011FCBC /* EmptyPageController.swift in Sources */ = {isa = PBXBuildFile; fileRef = 8A52A75926AF24B90011FCBC /* EmptyPageController.swift */; };
		8A5FDBBA26B7491C00B50968 /* Constant.swift in Sources */ = {isa = PBXBuildFile; fileRef = 8A5FDBB926B7491C00B50968 /* Constant.swift */; };
		8A9FB87926BDD52F009F7E46 /* FilterCell.swift in Sources */ = {isa = PBXBuildFile; fileRef = 8A9FB87826BDD52F009F7E46 /* FilterCell.swift */; };
		8AA7BF6F26CD7ACB00BA80CB /* Pods_RickAndMorty.framework in Frameworks */ = {isa = PBXBuildFile; fileRef = 776248A1994692B34B74A30F /* Pods_RickAndMorty.framework */; };
		8AA7BF7026CD7ACB00BA80CB /* Pods_RickAndMorty.framework in Embed Frameworks */ = {isa = PBXBuildFile; fileRef = 776248A1994692B34B74A30F /* Pods_RickAndMorty.framework */; settings = {ATTRIBUTES = (CodeSignOnCopy, RemoveHeadersOnCopy, ); }; };
		8AC396A126A8B91E00CB1461 /* JsonLoad.swift in Sources */ = {isa = PBXBuildFile; fileRef = 8AC396A026A8B91E00CB1461 /* JsonLoad.swift */; };
		8AD2967C26CAD6EF001E568D /* FilterViewModel.swift in Sources */ = {isa = PBXBuildFile; fileRef = 8AD2967B26CAD6EF001E568D /* FilterViewModel.swift */; };
		B2BA8F5EF3930E006E11E19D /* Pods_RickAndMorty_RickAndMortyUITests.framework in Frameworks */ = {isa = PBXBuildFile; fileRef = E092CD688567FA4003D605A7 /* Pods_RickAndMorty_RickAndMortyUITests.framework */; };
/* End PBXBuildFile section */

/* Begin PBXContainerItemProxy section */
		8A3D005626A89967008BACDC /* PBXContainerItemProxy */ = {
			isa = PBXContainerItemProxy;
			containerPortal = 8A3D003726A89965008BACDC /* Project object */;
			proxyType = 1;
			remoteGlobalIDString = 8A3D003E26A89965008BACDC;
			remoteInfo = RickAndMorty;
		};
		8A3D006126A89967008BACDC /* PBXContainerItemProxy */ = {
			isa = PBXContainerItemProxy;
			containerPortal = 8A3D003726A89965008BACDC /* Project object */;
			proxyType = 1;
			remoteGlobalIDString = 8A3D003E26A89965008BACDC;
			remoteInfo = RickAndMorty;
		};
/* End PBXContainerItemProxy section */

/* Begin PBXCopyFilesBuildPhase section */
		8AA7BF7126CD7ACB00BA80CB /* Embed Frameworks */ = {
			isa = PBXCopyFilesBuildPhase;
			buildActionMask = 2147483647;
			dstPath = "";
			dstSubfolderSpec = 10;
			files = (
				8AA7BF7026CD7ACB00BA80CB /* Pods_RickAndMorty.framework in Embed Frameworks */,
			);
			name = "Embed Frameworks";
			runOnlyForDeploymentPostprocessing = 0;
		};
/* End PBXCopyFilesBuildPhase section */

/* Begin PBXFileReference section */
		247B593EAC981EF7DC70D259 /* Pods-RickAndMortyTests.release.xcconfig */ = {isa = PBXFileReference; includeInIndex = 1; lastKnownFileType = text.xcconfig; name = "Pods-RickAndMortyTests.release.xcconfig"; path = "Target Support Files/Pods-RickAndMortyTests/Pods-RickAndMortyTests.release.xcconfig"; sourceTree = "<group>"; };
		309F82E572456398D222A45D /* Pods-RickAndMorty-RickAndMortyUITests.debug.xcconfig */ = {isa = PBXFileReference; includeInIndex = 1; lastKnownFileType = text.xcconfig; name = "Pods-RickAndMorty-RickAndMortyUITests.debug.xcconfig"; path = "Target Support Files/Pods-RickAndMorty-RickAndMortyUITests/Pods-RickAndMorty-RickAndMortyUITests.debug.xcconfig"; sourceTree = "<group>"; };
		776248A1994692B34B74A30F /* Pods_RickAndMorty.framework */ = {isa = PBXFileReference; explicitFileType = wrapper.framework; includeInIndex = 0; path = Pods_RickAndMorty.framework; sourceTree = BUILT_PRODUCTS_DIR; };
		7EEA426960EB331B0FB0903A /* Pods-RickAndMortyTests.debug.xcconfig */ = {isa = PBXFileReference; includeInIndex = 1; lastKnownFileType = text.xcconfig; name = "Pods-RickAndMortyTests.debug.xcconfig"; path = "Target Support Files/Pods-RickAndMortyTests/Pods-RickAndMortyTests.debug.xcconfig"; sourceTree = "<group>"; };
		8139F27982607C963E5F4AEE /* Pods-RickAndMorty-RickAndMortyUITests.release.xcconfig */ = {isa = PBXFileReference; includeInIndex = 1; lastKnownFileType = text.xcconfig; name = "Pods-RickAndMorty-RickAndMortyUITests.release.xcconfig"; path = "Target Support Files/Pods-RickAndMorty-RickAndMortyUITests/Pods-RickAndMorty-RickAndMortyUITests.release.xcconfig"; sourceTree = "<group>"; };
		8A08182126AC9511007570BF /* MenuViewModel.swift */ = {isa = PBXFileReference; lastKnownFileType = sourcecode.swift; path = MenuViewModel.swift; sourceTree = "<group>"; };
		8A12178A26A924A100C82E5D /* SectionsListController.swift */ = {isa = PBXFileReference; lastKnownFileType = sourcecode.swift; path = SectionsListController.swift; sourceTree = "<group>"; };
		8A12179226A924B200C82E5D /* SectionController.swift */ = {isa = PBXFileReference; lastKnownFileType = sourcecode.swift; path = SectionController.swift; sourceTree = "<group>"; };
		8A12179726A924C900C82E5D /* FilterController.swift */ = {isa = PBXFileReference; lastKnownFileType = sourcecode.swift; path = FilterController.swift; sourceTree = "<group>"; };
		8A12179C26A9256B00C82E5D /* SectionsCell.swift */ = {isa = PBXFileReference; lastKnownFileType = sourcecode.swift; path = SectionsCell.swift; sourceTree = "<group>"; };
		8A20D83526DF95EE008BB604 /* Colors.xcassets */ = {isa = PBXFileReference; lastKnownFileType = folder.assetcatalog; path = Colors.xcassets; sourceTree = "<group>"; };
		8A22048C26AE0D5C00C8C08F /* CharacterModel.swift */ = {isa = PBXFileReference; lastKnownFileType = sourcecode.swift; path = CharacterModel.swift; sourceTree = "<group>"; };
		8A22049426AE117E00C8C08F /* CharacterViewModel.swift */ = {isa = PBXFileReference; lastKnownFileType = sourcecode.swift; path = CharacterViewModel.swift; sourceTree = "<group>"; };
		8A22049926AE118D00C8C08F /* CharacterViewViewModel.swift */ = {isa = PBXFileReference; lastKnownFileType = sourcecode.swift; path = CharacterViewViewModel.swift; sourceTree = "<group>"; };
		8A22D2D326D518B700E41FB5 /* FilterHeader.swift */ = {isa = PBXFileReference; lastKnownFileType = sourcecode.swift; path = FilterHeader.swift; sourceTree = "<group>"; };
		8A25951726A8D3DF00687121 /* MenuModel.swift */ = {isa = PBXFileReference; lastKnownFileType = sourcecode.swift; path = MenuModel.swift; sourceTree = "<group>"; };
		8A27F6E026AB702B0019467C /* MenuViewViewModel.swift */ = {isa = PBXFileReference; lastKnownFileType = sourcecode.swift; path = MenuViewViewModel.swift; sourceTree = "<group>"; };
		8A3AD99326C07D1C006B9607 /* ButtonView.swift */ = {isa = PBXFileReference; lastKnownFileType = sourcecode.swift; path = ButtonView.swift; sourceTree = "<group>"; };
		8A3D003F26A89965008BACDC /* RickAndMorty.app */ = {isa = PBXFileReference; explicitFileType = wrapper.application; includeInIndex = 0; path = RickAndMorty.app; sourceTree = BUILT_PRODUCTS_DIR; };
		8A3D004226A89965008BACDC /* AppDelegate.swift */ = {isa = PBXFileReference; lastKnownFileType = sourcecode.swift; path = AppDelegate.swift; sourceTree = "<group>"; };
		8A3D004426A89965008BACDC /* SceneDelegate.swift */ = {isa = PBXFileReference; lastKnownFileType = sourcecode.swift; path = SceneDelegate.swift; sourceTree = "<group>"; };
		8A3D004626A89965008BACDC /* MenuController.swift */ = {isa = PBXFileReference; lastKnownFileType = sourcecode.swift; path = MenuController.swift; sourceTree = "<group>"; };
		8A3D004B26A89966008BACDC /* Assets.xcassets */ = {isa = PBXFileReference; lastKnownFileType = folder.assetcatalog; path = Assets.xcassets; sourceTree = "<group>"; };
		8A3D004E26A89966008BACDC /* Base */ = {isa = PBXFileReference; lastKnownFileType = file.storyboard; name = Base; path = Base.lproj/LaunchScreen.storyboard; sourceTree = "<group>"; };
		8A3D005026A89966008BACDC /* Info.plist */ = {isa = PBXFileReference; lastKnownFileType = text.plist.xml; path = Info.plist; sourceTree = "<group>"; };
		8A3D005526A89967008BACDC /* RickAndMortyTests.xctest */ = {isa = PBXFileReference; explicitFileType = wrapper.cfbundle; includeInIndex = 0; path = RickAndMortyTests.xctest; sourceTree = BUILT_PRODUCTS_DIR; };
		8A3D005926A89967008BACDC /* RickAndMortyTests.swift */ = {isa = PBXFileReference; lastKnownFileType = sourcecode.swift; path = RickAndMortyTests.swift; sourceTree = "<group>"; };
		8A3D005B26A89967008BACDC /* Info.plist */ = {isa = PBXFileReference; lastKnownFileType = text.plist.xml; path = Info.plist; sourceTree = "<group>"; };
		8A3D006026A89967008BACDC /* RickAndMortyUITests.xctest */ = {isa = PBXFileReference; explicitFileType = wrapper.cfbundle; includeInIndex = 0; path = RickAndMortyUITests.xctest; sourceTree = BUILT_PRODUCTS_DIR; };
		8A3D006426A89967008BACDC /* RickAndMortyUITests.swift */ = {isa = PBXFileReference; lastKnownFileType = sourcecode.swift; path = RickAndMortyUITests.swift; sourceTree = "<group>"; };
		8A3D006626A89967008BACDC /* Info.plist */ = {isa = PBXFileReference; lastKnownFileType = text.plist.xml; path = Info.plist; sourceTree = "<group>"; };
		8A3D008726A8A00C008BACDC /* MenuCell.swift */ = {isa = PBXFileReference; lastKnownFileType = sourcecode.swift; path = MenuCell.swift; sourceTree = "<group>"; };
		8A4784F426DEDE3600E07B9C /* RefreshControlPickleRick.xib */ = {isa = PBXFileReference; lastKnownFileType = file.xib; path = RefreshControlPickleRick.xib; sourceTree = "<group>"; };
		8A52A75926AF24B90011FCBC /* EmptyPageController.swift */ = {isa = PBXFileReference; lastKnownFileType = sourcecode.swift; path = EmptyPageController.swift; sourceTree = "<group>"; };
		8A5FDBB926B7491C00B50968 /* Constant.swift */ = {isa = PBXFileReference; lastKnownFileType = sourcecode.swift; path = Constant.swift; sourceTree = "<group>"; };
		8A9FB87826BDD52F009F7E46 /* FilterCell.swift */ = {isa = PBXFileReference; lastKnownFileType = sourcecode.swift; path = FilterCell.swift; sourceTree = "<group>"; };
		8AC396A026A8B91E00CB1461 /* JsonLoad.swift */ = {isa = PBXFileReference; lastKnownFileType = sourcecode.swift; path = JsonLoad.swift; sourceTree = "<group>"; };
		8AD2967B26CAD6EF001E568D /* FilterViewModel.swift */ = {isa = PBXFileReference; lastKnownFileType = sourcecode.swift; path = FilterViewModel.swift; sourceTree = "<group>"; };
		9DA661681DD053FAD0AA3EAB /* Pods-RickAndMorty.release.xcconfig */ = {isa = PBXFileReference; includeInIndex = 1; lastKnownFileType = text.xcconfig; name = "Pods-RickAndMorty.release.xcconfig"; path = "Target Support Files/Pods-RickAndMorty/Pods-RickAndMorty.release.xcconfig"; sourceTree = "<group>"; };
		A133B8890FCF55A480260E5A /* Pods_RickAndMortyTests.framework */ = {isa = PBXFileReference; explicitFileType = wrapper.framework; includeInIndex = 0; path = Pods_RickAndMortyTests.framework; sourceTree = BUILT_PRODUCTS_DIR; };
		E092CD688567FA4003D605A7 /* Pods_RickAndMorty_RickAndMortyUITests.framework */ = {isa = PBXFileReference; explicitFileType = wrapper.framework; includeInIndex = 0; path = Pods_RickAndMorty_RickAndMortyUITests.framework; sourceTree = BUILT_PRODUCTS_DIR; };
		EE9FD90FBECAB4BD96025AAC /* Pods-RickAndMorty.debug.xcconfig */ = {isa = PBXFileReference; includeInIndex = 1; lastKnownFileType = text.xcconfig; name = "Pods-RickAndMorty.debug.xcconfig"; path = "Target Support Files/Pods-RickAndMorty/Pods-RickAndMorty.debug.xcconfig"; sourceTree = "<group>"; };
/* End PBXFileReference section */

/* Begin PBXFrameworksBuildPhase section */
		8A3D003C26A89965008BACDC /* Frameworks */ = {
			isa = PBXFrameworksBuildPhase;
			buildActionMask = 2147483647;
			files = (
				8AA7BF6F26CD7ACB00BA80CB /* Pods_RickAndMorty.framework in Frameworks */,
			);
			runOnlyForDeploymentPostprocessing = 0;
		};
		8A3D005226A89967008BACDC /* Frameworks */ = {
			isa = PBXFrameworksBuildPhase;
			buildActionMask = 2147483647;
			files = (
				5115AEAE5BAB2DE90B9B3DDD /* Pods_RickAndMortyTests.framework in Frameworks */,
			);
			runOnlyForDeploymentPostprocessing = 0;
		};
		8A3D005D26A89967008BACDC /* Frameworks */ = {
			isa = PBXFrameworksBuildPhase;
			buildActionMask = 2147483647;
			files = (
				B2BA8F5EF3930E006E11E19D /* Pods_RickAndMorty_RickAndMortyUITests.framework in Frameworks */,
			);
			runOnlyForDeploymentPostprocessing = 0;
		};
/* End PBXFrameworksBuildPhase section */

/* Begin PBXGroup section */
		741BBE752FA1B1C262D058A6 /* Pods */ = {
			isa = PBXGroup;
			children = (
				EE9FD90FBECAB4BD96025AAC /* Pods-RickAndMorty.debug.xcconfig */,
				9DA661681DD053FAD0AA3EAB /* Pods-RickAndMorty.release.xcconfig */,
				309F82E572456398D222A45D /* Pods-RickAndMorty-RickAndMortyUITests.debug.xcconfig */,
				8139F27982607C963E5F4AEE /* Pods-RickAndMorty-RickAndMortyUITests.release.xcconfig */,
				7EEA426960EB331B0FB0903A /* Pods-RickAndMortyTests.debug.xcconfig */,
				247B593EAC981EF7DC70D259 /* Pods-RickAndMortyTests.release.xcconfig */,
			);
			path = Pods;
			sourceTree = "<group>";
		};
		8680CEAF7118F90E0CCCC62C /* Frameworks */ = {
			isa = PBXGroup;
			children = (
				776248A1994692B34B74A30F /* Pods_RickAndMorty.framework */,
				E092CD688567FA4003D605A7 /* Pods_RickAndMorty_RickAndMortyUITests.framework */,
				A133B8890FCF55A480260E5A /* Pods_RickAndMortyTests.framework */,
			);
			name = Frameworks;
			sourceTree = "<group>";
		};
		8A12178926A9244100C82E5D /* Networking */ = {
			isa = PBXGroup;
			children = (
				8AC396A026A8B91E00CB1461 /* JsonLoad.swift */,
			);
			path = Networking;
			sourceTree = "<group>";
		};
		8A20D82F26DF92EF008BB604 /* RefreshControl */ = {
			isa = PBXGroup;
			children = (
				8A20D83026DF92FE008BB604 /* Nib */,
			);
			path = RefreshControl;
			sourceTree = "<group>";
		};
		8A20D83026DF92FE008BB604 /* Nib */ = {
			isa = PBXGroup;
			children = (
				8A4784F426DEDE3600E07B9C /* RefreshControlPickleRick.xib */,
			);
			path = Nib;
			sourceTree = "<group>";
		};
		8A265DC926D7C7910028A6BC /* Menu */ = {
			isa = PBXGroup;
			children = (
				8A20D82F26DF92EF008BB604 /* RefreshControl */,
				8A265DE426D7CA5B0028A6BC /* Controller */,
				8A265DE326D7CA490028A6BC /* ViewModel */,
				8A265DE226D7CA430028A6BC /* Model */,
				8A265DDD26D7C9EF0028A6BC /* CollectionViewCell */,
			);
			path = Menu;
			sourceTree = "<group>";
		};
		8A265DCA26D7C79B0028A6BC /* Character */ = {
			isa = PBXGroup;
			children = (
				8A265DD926D7C9780028A6BC /* CollectionViewCell */,
				8A265DDC26D7C9D60028A6BC /* Model */,
				8A265DDB26D7C9C90028A6BC /* ViewModel */,
				8A265DDA26D7C9BB0028A6BC /* Controller */,
			);
			path = Character;
			sourceTree = "<group>";
		};
		8A265DCB26D7C7A30028A6BC /* Section */ = {
			isa = PBXGroup;
			children = (
				8A265DD826D7C96C0028A6BC /* Controller */,
			);
			path = Section;
			sourceTree = "<group>";
		};
		8A265DCC26D7C7BA0028A6BC /* Filter */ = {
			isa = PBXGroup;
			children = (
				8A265DD726D7C9240028A6BC /* TableViewHeader */,
				8A265DD626D7C9000028A6BC /* Model */,
				8A265DD526D7C8DF0028A6BC /* ViewModel */,
				8A265DD326D7C8AC0028A6BC /* Controller */,
				8A265DD426D7C8B60028A6BC /* TableViewCell */,
			);
			path = Filter;
			sourceTree = "<group>";
		};
		8A265DCD26D7C8350028A6BC /* EmptyPage */ = {
			isa = PBXGroup;
			children = (
				8A265DD226D7C8830028A6BC /* Controller */,
			);
			path = EmptyPage;
			sourceTree = "<group>";
		};
		8A265DD226D7C8830028A6BC /* Controller */ = {
			isa = PBXGroup;
			children = (
				8A52A75926AF24B90011FCBC /* EmptyPageController.swift */,
			);
			path = Controller;
			sourceTree = "<group>";
		};
		8A265DD326D7C8AC0028A6BC /* Controller */ = {
			isa = PBXGroup;
			children = (
				8A12179726A924C900C82E5D /* FilterController.swift */,
			);
			path = Controller;
			sourceTree = "<group>";
		};
		8A265DD426D7C8B60028A6BC /* TableViewCell */ = {
			isa = PBXGroup;
			children = (
				8A9FB87826BDD52F009F7E46 /* FilterCell.swift */,
			);
			path = TableViewCell;
			sourceTree = "<group>";
		};
		8A265DD526D7C8DF0028A6BC /* ViewModel */ = {
			isa = PBXGroup;
			children = (
				8AD2967B26CAD6EF001E568D /* FilterViewModel.swift */,
			);
			path = ViewModel;
			sourceTree = "<group>";
		};
		8A265DD626D7C9000028A6BC /* Model */ = {
			isa = PBXGroup;
			children = (
				8A3AD99326C07D1C006B9607 /* ButtonView.swift */,
			);
			path = Model;
			sourceTree = "<group>";
		};
		8A265DD726D7C9240028A6BC /* TableViewHeader */ = {
			isa = PBXGroup;
			children = (
				8A22D2D326D518B700E41FB5 /* FilterHeader.swift */,
			);
			path = TableViewHeader;
			sourceTree = "<group>";
		};
		8A265DD826D7C96C0028A6BC /* Controller */ = {
			isa = PBXGroup;
			children = (
				8A12179226A924B200C82E5D /* SectionController.swift */,
			);
			path = Controller;
			sourceTree = "<group>";
		};
		8A265DD926D7C9780028A6BC /* CollectionViewCell */ = {
			isa = PBXGroup;
			children = (
				8A12179C26A9256B00C82E5D /* SectionsCell.swift */,
			);
			path = CollectionViewCell;
			sourceTree = "<group>";
		};
		8A265DDA26D7C9BB0028A6BC /* Controller */ = {
			isa = PBXGroup;
			children = (
				8A12178A26A924A100C82E5D /* SectionsListController.swift */,
			);
			path = Controller;
			sourceTree = "<group>";
		};
		8A265DDB26D7C9C90028A6BC /* ViewModel */ = {
			isa = PBXGroup;
			children = (
				8A22049926AE118D00C8C08F /* CharacterViewViewModel.swift */,
				8A22049426AE117E00C8C08F /* CharacterViewModel.swift */,
			);
			path = ViewModel;
			sourceTree = "<group>";
		};
		8A265DDC26D7C9D60028A6BC /* Model */ = {
			isa = PBXGroup;
			children = (
				8A22048C26AE0D5C00C8C08F /* CharacterModel.swift */,
			);
			path = Model;
			sourceTree = "<group>";
		};
		8A265DDD26D7C9EF0028A6BC /* CollectionViewCell */ = {
			isa = PBXGroup;
			children = (
				8A3D008726A8A00C008BACDC /* MenuCell.swift */,
			);
			path = CollectionViewCell;
			sourceTree = "<group>";
		};
		8A265DE226D7CA430028A6BC /* Model */ = {
			isa = PBXGroup;
			children = (
				8A25951726A8D3DF00687121 /* MenuModel.swift */,
			);
			path = Model;
			sourceTree = "<group>";
		};
		8A265DE326D7CA490028A6BC /* ViewModel */ = {
			isa = PBXGroup;
			children = (
				8A27F6E026AB702B0019467C /* MenuViewViewModel.swift */,
				8A08182126AC9511007570BF /* MenuViewModel.swift */,
			);
			path = ViewModel;
			sourceTree = "<group>";
		};
		8A265DE426D7CA5B0028A6BC /* Controller */ = {
			isa = PBXGroup;
			children = (
				8A3D004626A89965008BACDC /* MenuController.swift */,
			);
			path = Controller;
			sourceTree = "<group>";
		};
		8A3D003626A89965008BACDC = {
			isa = PBXGroup;
			children = (
				8A3D004126A89965008BACDC /* RickAndMorty */,
				8A3D005826A89967008BACDC /* RickAndMortyTests */,
				8A3D006326A89967008BACDC /* RickAndMortyUITests */,
				8A3D004026A89965008BACDC /* Products */,
				741BBE752FA1B1C262D058A6 /* Pods */,
				8680CEAF7118F90E0CCCC62C /* Frameworks */,
			);
			sourceTree = "<group>";
		};
		8A3D004026A89965008BACDC /* Products */ = {
			isa = PBXGroup;
			children = (
				8A3D003F26A89965008BACDC /* RickAndMorty.app */,
				8A3D005526A89967008BACDC /* RickAndMortyTests.xctest */,
				8A3D006026A89967008BACDC /* RickAndMortyUITests.xctest */,
			);
			name = Products;
			sourceTree = "<group>";
		};
		8A3D004126A89965008BACDC /* RickAndMorty */ = {
			isa = PBXGroup;
			children = (
				8A12178926A9244100C82E5D /* Networking */,
				8A265DCD26D7C8350028A6BC /* EmptyPage */,
				8A265DCC26D7C7BA0028A6BC /* Filter */,
				8A265DCB26D7C7A30028A6BC /* Section */,
				8A265DCA26D7C79B0028A6BC /* Character */,
				8A265DC926D7C7910028A6BC /* Menu */,
				8A3D008626A89C86008BACDC /* Common */,
				8A3D005026A89966008BACDC /* Info.plist */,
			);
			path = RickAndMorty;
			sourceTree = "<group>";
		};
		8A3D005826A89967008BACDC /* RickAndMortyTests */ = {
			isa = PBXGroup;
			children = (
				8A3D005926A89967008BACDC /* RickAndMortyTests.swift */,
				8A3D005B26A89967008BACDC /* Info.plist */,
			);
			path = RickAndMortyTests;
			sourceTree = "<group>";
		};
		8A3D006326A89967008BACDC /* RickAndMortyUITests */ = {
			isa = PBXGroup;
			children = (
				8A3D006426A89967008BACDC /* RickAndMortyUITests.swift */,
				8A3D006626A89967008BACDC /* Info.plist */,
			);
			path = RickAndMortyUITests;
			sourceTree = "<group>";
		};
		8A3D008626A89C86008BACDC /* Common */ = {
			isa = PBXGroup;
			children = (
				8A3D004226A89965008BACDC /* AppDelegate.swift */,
				8A3D004B26A89966008BACDC /* Assets.xcassets */,
				8A3D004426A89965008BACDC /* SceneDelegate.swift */,
				8A3D004D26A89966008BACDC /* LaunchScreen.storyboard */,
				8A5FDBB926B7491C00B50968 /* Constant.swift */,
				8A20D83526DF95EE008BB604 /* Colors.xcassets */,
			);
			path = Common;
			sourceTree = "<group>";
		};
/* End PBXGroup section */

/* Begin PBXNativeTarget section */
		8A3D003E26A89965008BACDC /* RickAndMorty */ = {
			isa = PBXNativeTarget;
			buildConfigurationList = 8A3D006926A89967008BACDC /* Build configuration list for PBXNativeTarget "RickAndMorty" */;
			buildPhases = (
				8AA7BF7426CD7B9700BA80CB /* ShellScript */,
				58801C3A23DBE888E59D3004 /* [CP] Check Pods Manifest.lock */,
				8A3D003B26A89965008BACDC /* Sources */,
				8A3D003C26A89965008BACDC /* Frameworks */,
				8A3D003D26A89965008BACDC /* Resources */,
				8AA7BF7126CD7ACB00BA80CB /* Embed Frameworks */,
			);
			buildRules = (
			);
			dependencies = (
			);
			name = RickAndMorty;
			productName = RickAndMorty;
			productReference = 8A3D003F26A89965008BACDC /* RickAndMorty.app */;
			productType = "com.apple.product-type.application";
		};
		8A3D005426A89967008BACDC /* RickAndMortyTests */ = {
			isa = PBXNativeTarget;
			buildConfigurationList = 8A3D006C26A89967008BACDC /* Build configuration list for PBXNativeTarget "RickAndMortyTests" */;
			buildPhases = (
				B2E006203C9215C704BCBFD3 /* [CP] Check Pods Manifest.lock */,
				8A3D005126A89967008BACDC /* Sources */,
				8A3D005226A89967008BACDC /* Frameworks */,
				8A3D005326A89967008BACDC /* Resources */,
			);
			buildRules = (
			);
			dependencies = (
				8A3D005726A89967008BACDC /* PBXTargetDependency */,
			);
			name = RickAndMortyTests;
			productName = RickAndMortyTests;
			productReference = 8A3D005526A89967008BACDC /* RickAndMortyTests.xctest */;
			productType = "com.apple.product-type.bundle.unit-test";
		};
		8A3D005F26A89967008BACDC /* RickAndMortyUITests */ = {
			isa = PBXNativeTarget;
			buildConfigurationList = 8A3D006F26A89967008BACDC /* Build configuration list for PBXNativeTarget "RickAndMortyUITests" */;
			buildPhases = (
				C4513C341FBF03F3D9133CDF /* [CP] Check Pods Manifest.lock */,
				8A3D005C26A89967008BACDC /* Sources */,
				8A3D005D26A89967008BACDC /* Frameworks */,
				8A3D005E26A89967008BACDC /* Resources */,
			);
			buildRules = (
			);
			dependencies = (
				8A3D006226A89967008BACDC /* PBXTargetDependency */,
			);
			name = RickAndMortyUITests;
			productName = RickAndMortyUITests;
			productReference = 8A3D006026A89967008BACDC /* RickAndMortyUITests.xctest */;
			productType = "com.apple.product-type.bundle.ui-testing";
		};
/* End PBXNativeTarget section */

/* Begin PBXProject section */
		8A3D003726A89965008BACDC /* Project object */ = {
			isa = PBXProject;
			attributes = {
				LastSwiftUpdateCheck = 1220;
				LastUpgradeCheck = 1220;
				TargetAttributes = {
					8A3D003E26A89965008BACDC = {
						CreatedOnToolsVersion = 12.2;
					};
					8A3D005426A89967008BACDC = {
						CreatedOnToolsVersion = 12.2;
						TestTargetID = 8A3D003E26A89965008BACDC;
					};
					8A3D005F26A89967008BACDC = {
						CreatedOnToolsVersion = 12.2;
						TestTargetID = 8A3D003E26A89965008BACDC;
					};
				};
			};
			buildConfigurationList = 8A3D003A26A89965008BACDC /* Build configuration list for PBXProject "RickAndMorty" */;
			compatibilityVersion = "Xcode 9.3";
			developmentRegion = en;
			hasScannedForEncodings = 0;
			knownRegions = (
				en,
				Base,
			);
			mainGroup = 8A3D003626A89965008BACDC;
			productRefGroup = 8A3D004026A89965008BACDC /* Products */;
			projectDirPath = "";
			projectRoot = "";
			targets = (
				8A3D003E26A89965008BACDC /* RickAndMorty */,
				8A3D005426A89967008BACDC /* RickAndMortyTests */,
				8A3D005F26A89967008BACDC /* RickAndMortyUITests */,
			);
		};
/* End PBXProject section */

/* Begin PBXResourcesBuildPhase section */
		8A3D003D26A89965008BACDC /* Resources */ = {
			isa = PBXResourcesBuildPhase;
			buildActionMask = 2147483647;
			files = (
				8A3D004F26A89966008BACDC /* LaunchScreen.storyboard in Resources */,
				8A20D83626DF95EE008BB604 /* Colors.xcassets in Resources */,
				8A4784F526DEDE3600E07B9C /* RefreshControlPickleRick.xib in Resources */,
				8A3D004C26A89966008BACDC /* Assets.xcassets in Resources */,
			);
			runOnlyForDeploymentPostprocessing = 0;
		};
		8A3D005326A89967008BACDC /* Resources */ = {
			isa = PBXResourcesBuildPhase;
			buildActionMask = 2147483647;
			files = (
			);
			runOnlyForDeploymentPostprocessing = 0;
		};
		8A3D005E26A89967008BACDC /* Resources */ = {
			isa = PBXResourcesBuildPhase;
			buildActionMask = 2147483647;
			files = (
			);
			runOnlyForDeploymentPostprocessing = 0;
		};
/* End PBXResourcesBuildPhase section */

/* Begin PBXShellScriptBuildPhase section */
		58801C3A23DBE888E59D3004 /* [CP] Check Pods Manifest.lock */ = {
			isa = PBXShellScriptBuildPhase;
			buildActionMask = 2147483647;
			files = (
			);
			inputFileListPaths = (
			);
			inputPaths = (
				"${PODS_PODFILE_DIR_PATH}/Podfile.lock",
				"${PODS_ROOT}/Manifest.lock",
			);
			name = "[CP] Check Pods Manifest.lock";
			outputFileListPaths = (
			);
			outputPaths = (
				"$(DERIVED_FILE_DIR)/Pods-RickAndMorty-checkManifestLockResult.txt",
			);
			runOnlyForDeploymentPostprocessing = 0;
			shellPath = /bin/sh;
			shellScript = "diff \"${PODS_PODFILE_DIR_PATH}/Podfile.lock\" \"${PODS_ROOT}/Manifest.lock\" > /dev/null\nif [ $? != 0 ] ; then\n    # print error to STDERR\n    echo \"error: The sandbox is not in sync with the Podfile.lock. Run 'pod install' or update your CocoaPods installation.\" >&2\n    exit 1\nfi\n# This output is used by Xcode 'outputs' to avoid re-running this script phase.\necho \"SUCCESS\" > \"${SCRIPT_OUTPUT_FILE_0}\"\n";
			showEnvVarsInLog = 0;
		};
		8AA7BF7426CD7B9700BA80CB /* ShellScript */ = {
			isa = PBXShellScriptBuildPhase;
			buildActionMask = 2147483647;
			files = (
			);
			inputFileListPaths = (
			);
			inputPaths = (
			);
			outputFileListPaths = (
			);
			outputPaths = (
			);
			runOnlyForDeploymentPostprocessing = 0;
			shellPath = /bin/sh;
			shellScript = "\"${PODS_ROOT}/SwiftLint/swiftlint\"\n";
		};
		B2E006203C9215C704BCBFD3 /* [CP] Check Pods Manifest.lock */ = {
			isa = PBXShellScriptBuildPhase;
			buildActionMask = 2147483647;
			files = (
			);
			inputFileListPaths = (
			);
			inputPaths = (
				"${PODS_PODFILE_DIR_PATH}/Podfile.lock",
				"${PODS_ROOT}/Manifest.lock",
			);
			name = "[CP] Check Pods Manifest.lock";
			outputFileListPaths = (
			);
			outputPaths = (
				"$(DERIVED_FILE_DIR)/Pods-RickAndMortyTests-checkManifestLockResult.txt",
			);
			runOnlyForDeploymentPostprocessing = 0;
			shellPath = /bin/sh;
			shellScript = "diff \"${PODS_PODFILE_DIR_PATH}/Podfile.lock\" \"${PODS_ROOT}/Manifest.lock\" > /dev/null\nif [ $? != 0 ] ; then\n    # print error to STDERR\n    echo \"error: The sandbox is not in sync with the Podfile.lock. Run 'pod install' or update your CocoaPods installation.\" >&2\n    exit 1\nfi\n# This output is used by Xcode 'outputs' to avoid re-running this script phase.\necho \"SUCCESS\" > \"${SCRIPT_OUTPUT_FILE_0}\"\n";
			showEnvVarsInLog = 0;
		};
		C4513C341FBF03F3D9133CDF /* [CP] Check Pods Manifest.lock */ = {
			isa = PBXShellScriptBuildPhase;
			buildActionMask = 2147483647;
			files = (
			);
			inputFileListPaths = (
			);
			inputPaths = (
				"${PODS_PODFILE_DIR_PATH}/Podfile.lock",
				"${PODS_ROOT}/Manifest.lock",
			);
			name = "[CP] Check Pods Manifest.lock";
			outputFileListPaths = (
			);
			outputPaths = (
				"$(DERIVED_FILE_DIR)/Pods-RickAndMorty-RickAndMortyUITests-checkManifestLockResult.txt",
			);
			runOnlyForDeploymentPostprocessing = 0;
			shellPath = /bin/sh;
			shellScript = "diff \"${PODS_PODFILE_DIR_PATH}/Podfile.lock\" \"${PODS_ROOT}/Manifest.lock\" > /dev/null\nif [ $? != 0 ] ; then\n    # print error to STDERR\n    echo \"error: The sandbox is not in sync with the Podfile.lock. Run 'pod install' or update your CocoaPods installation.\" >&2\n    exit 1\nfi\n# This output is used by Xcode 'outputs' to avoid re-running this script phase.\necho \"SUCCESS\" > \"${SCRIPT_OUTPUT_FILE_0}\"\n";
			showEnvVarsInLog = 0;
		};
/* End PBXShellScriptBuildPhase section */

/* Begin PBXSourcesBuildPhase section */
		8A3D003B26A89965008BACDC /* Sources */ = {
			isa = PBXSourcesBuildPhase;
			buildActionMask = 2147483647;
			files = (
				8A22049A26AE118E00C8C08F /* CharacterViewViewModel.swift in Sources */,
				8A5FDBBA26B7491C00B50968 /* Constant.swift in Sources */,
				8AD2967C26CAD6EF001E568D /* FilterViewModel.swift in Sources */,
				8A3D008826A8A00C008BACDC /* MenuCell.swift in Sources */,
				8A3D004726A89965008BACDC /* MenuController.swift in Sources */,
				8AC396A126A8B91E00CB1461 /* JsonLoad.swift in Sources */,
				8A25951826A8D3DF00687121 /* MenuModel.swift in Sources */,
				8A22048D26AE0D5C00C8C08F /* CharacterModel.swift in Sources */,
				8A9FB87926BDD52F009F7E46 /* FilterCell.swift in Sources */,
				8A52A75A26AF24B90011FCBC /* EmptyPageController.swift in Sources */,
				8A22D2D426D518B700E41FB5 /* FilterHeader.swift in Sources */,
				8A12179826A924C900C82E5D /* FilterController.swift in Sources */,
				8A12179326A924B200C82E5D /* SectionController.swift in Sources */,
				8A12179D26A9256B00C82E5D /* SectionsCell.swift in Sources */,
				8A22049526AE117E00C8C08F /* CharacterViewModel.swift in Sources */,
				8A3D004326A89965008BACDC /* AppDelegate.swift in Sources */,
				8A3D004526A89965008BACDC /* SceneDelegate.swift in Sources */,
				8A08182226AC9511007570BF /* MenuViewModel.swift in Sources */,
				8A3AD99426C07D1C006B9607 /* ButtonView.swift in Sources */,
				8A27F6E126AB702B0019467C /* MenuViewViewModel.swift in Sources */,
				8A12178B26A924A100C82E5D /* SectionsListController.swift in Sources */,
			);
			runOnlyForDeploymentPostprocessing = 0;
		};
		8A3D005126A89967008BACDC /* Sources */ = {
			isa = PBXSourcesBuildPhase;
			buildActionMask = 2147483647;
			files = (
				8A3D005A26A89967008BACDC /* RickAndMortyTests.swift in Sources */,
			);
			runOnlyForDeploymentPostprocessing = 0;
		};
		8A3D005C26A89967008BACDC /* Sources */ = {
			isa = PBXSourcesBuildPhase;
			buildActionMask = 2147483647;
			files = (
				8A3D006526A89967008BACDC /* RickAndMortyUITests.swift in Sources */,
			);
			runOnlyForDeploymentPostprocessing = 0;
		};
/* End PBXSourcesBuildPhase section */

/* Begin PBXTargetDependency section */
		8A3D005726A89967008BACDC /* PBXTargetDependency */ = {
			isa = PBXTargetDependency;
			target = 8A3D003E26A89965008BACDC /* RickAndMorty */;
			targetProxy = 8A3D005626A89967008BACDC /* PBXContainerItemProxy */;
		};
		8A3D006226A89967008BACDC /* PBXTargetDependency */ = {
			isa = PBXTargetDependency;
			target = 8A3D003E26A89965008BACDC /* RickAndMorty */;
			targetProxy = 8A3D006126A89967008BACDC /* PBXContainerItemProxy */;
		};
/* End PBXTargetDependency section */

/* Begin PBXVariantGroup section */
		8A3D004D26A89966008BACDC /* LaunchScreen.storyboard */ = {
			isa = PBXVariantGroup;
			children = (
				8A3D004E26A89966008BACDC /* Base */,
			);
			name = LaunchScreen.storyboard;
			sourceTree = "<group>";
		};
/* End PBXVariantGroup section */

/* Begin XCBuildConfiguration section */
		8A3D006726A89967008BACDC /* Debug */ = {
			isa = XCBuildConfiguration;
			buildSettings = {
				ALWAYS_SEARCH_USER_PATHS = NO;
				CLANG_ANALYZER_NONNULL = YES;
				CLANG_ANALYZER_NUMBER_OBJECT_CONVERSION = YES_AGGRESSIVE;
				CLANG_CXX_LANGUAGE_STANDARD = "gnu++14";
				CLANG_CXX_LIBRARY = "libc++";
				CLANG_ENABLE_MODULES = YES;
				CLANG_ENABLE_OBJC_ARC = YES;
				CLANG_ENABLE_OBJC_WEAK = YES;
				CLANG_WARN_BLOCK_CAPTURE_AUTORELEASING = YES;
				CLANG_WARN_BOOL_CONVERSION = YES;
				CLANG_WARN_COMMA = YES;
				CLANG_WARN_CONSTANT_CONVERSION = YES;
				CLANG_WARN_DEPRECATED_OBJC_IMPLEMENTATIONS = YES;
				CLANG_WARN_DIRECT_OBJC_ISA_USAGE = YES_ERROR;
				CLANG_WARN_DOCUMENTATION_COMMENTS = YES;
				CLANG_WARN_EMPTY_BODY = YES;
				CLANG_WARN_ENUM_CONVERSION = YES;
				CLANG_WARN_INFINITE_RECURSION = YES;
				CLANG_WARN_INT_CONVERSION = YES;
				CLANG_WARN_NON_LITERAL_NULL_CONVERSION = YES;
				CLANG_WARN_OBJC_IMPLICIT_RETAIN_SELF = YES;
				CLANG_WARN_OBJC_LITERAL_CONVERSION = YES;
				CLANG_WARN_OBJC_ROOT_CLASS = YES_ERROR;
				CLANG_WARN_QUOTED_INCLUDE_IN_FRAMEWORK_HEADER = YES;
				CLANG_WARN_RANGE_LOOP_ANALYSIS = YES;
				CLANG_WARN_STRICT_PROTOTYPES = YES;
				CLANG_WARN_SUSPICIOUS_MOVE = YES;
				CLANG_WARN_UNGUARDED_AVAILABILITY = YES_AGGRESSIVE;
				CLANG_WARN_UNREACHABLE_CODE = YES;
				CLANG_WARN__DUPLICATE_METHOD_MATCH = YES;
				COPY_PHASE_STRIP = NO;
				DEBUG_INFORMATION_FORMAT = dwarf;
				ENABLE_STRICT_OBJC_MSGSEND = YES;
				ENABLE_TESTABILITY = YES;
				GCC_C_LANGUAGE_STANDARD = gnu11;
				GCC_DYNAMIC_NO_PIC = NO;
				GCC_NO_COMMON_BLOCKS = YES;
				GCC_OPTIMIZATION_LEVEL = 0;
				GCC_PREPROCESSOR_DEFINITIONS = (
					"DEBUG=1",
					"$(inherited)",
				);
				GCC_WARN_64_TO_32_BIT_CONVERSION = YES;
				GCC_WARN_ABOUT_RETURN_TYPE = YES_ERROR;
				GCC_WARN_UNDECLARED_SELECTOR = YES;
				GCC_WARN_UNINITIALIZED_AUTOS = YES_AGGRESSIVE;
				GCC_WARN_UNUSED_FUNCTION = YES;
				GCC_WARN_UNUSED_VARIABLE = YES;
				IPHONEOS_DEPLOYMENT_TARGET = 14.2;
				MTL_ENABLE_DEBUG_INFO = INCLUDE_SOURCE;
				MTL_FAST_MATH = YES;
				ONLY_ACTIVE_ARCH = YES;
				SDKROOT = iphoneos;
				SWIFT_ACTIVE_COMPILATION_CONDITIONS = DEBUG;
				SWIFT_OPTIMIZATION_LEVEL = "-Onone";
			};
			name = Debug;
		};
		8A3D006826A89967008BACDC /* Release */ = {
			isa = XCBuildConfiguration;
			buildSettings = {
				ALWAYS_SEARCH_USER_PATHS = NO;
				CLANG_ANALYZER_NONNULL = YES;
				CLANG_ANALYZER_NUMBER_OBJECT_CONVERSION = YES_AGGRESSIVE;
				CLANG_CXX_LANGUAGE_STANDARD = "gnu++14";
				CLANG_CXX_LIBRARY = "libc++";
				CLANG_ENABLE_MODULES = YES;
				CLANG_ENABLE_OBJC_ARC = YES;
				CLANG_ENABLE_OBJC_WEAK = YES;
				CLANG_WARN_BLOCK_CAPTURE_AUTORELEASING = YES;
				CLANG_WARN_BOOL_CONVERSION = YES;
				CLANG_WARN_COMMA = YES;
				CLANG_WARN_CONSTANT_CONVERSION = YES;
				CLANG_WARN_DEPRECATED_OBJC_IMPLEMENTATIONS = YES;
				CLANG_WARN_DIRECT_OBJC_ISA_USAGE = YES_ERROR;
				CLANG_WARN_DOCUMENTATION_COMMENTS = YES;
				CLANG_WARN_EMPTY_BODY = YES;
				CLANG_WARN_ENUM_CONVERSION = YES;
				CLANG_WARN_INFINITE_RECURSION = YES;
				CLANG_WARN_INT_CONVERSION = YES;
				CLANG_WARN_NON_LITERAL_NULL_CONVERSION = YES;
				CLANG_WARN_OBJC_IMPLICIT_RETAIN_SELF = YES;
				CLANG_WARN_OBJC_LITERAL_CONVERSION = YES;
				CLANG_WARN_OBJC_ROOT_CLASS = YES_ERROR;
				CLANG_WARN_QUOTED_INCLUDE_IN_FRAMEWORK_HEADER = YES;
				CLANG_WARN_RANGE_LOOP_ANALYSIS = YES;
				CLANG_WARN_STRICT_PROTOTYPES = YES;
				CLANG_WARN_SUSPICIOUS_MOVE = YES;
				CLANG_WARN_UNGUARDED_AVAILABILITY = YES_AGGRESSIVE;
				CLANG_WARN_UNREACHABLE_CODE = YES;
				CLANG_WARN__DUPLICATE_METHOD_MATCH = YES;
				COPY_PHASE_STRIP = NO;
				DEBUG_INFORMATION_FORMAT = "dwarf-with-dsym";
				ENABLE_NS_ASSERTIONS = NO;
				ENABLE_STRICT_OBJC_MSGSEND = YES;
				GCC_C_LANGUAGE_STANDARD = gnu11;
				GCC_NO_COMMON_BLOCKS = YES;
				GCC_WARN_64_TO_32_BIT_CONVERSION = YES;
				GCC_WARN_ABOUT_RETURN_TYPE = YES_ERROR;
				GCC_WARN_UNDECLARED_SELECTOR = YES;
				GCC_WARN_UNINITIALIZED_AUTOS = YES_AGGRESSIVE;
				GCC_WARN_UNUSED_FUNCTION = YES;
				GCC_WARN_UNUSED_VARIABLE = YES;
				IPHONEOS_DEPLOYMENT_TARGET = 14.2;
				MTL_ENABLE_DEBUG_INFO = NO;
				MTL_FAST_MATH = YES;
				SDKROOT = iphoneos;
				SWIFT_COMPILATION_MODE = wholemodule;
				SWIFT_OPTIMIZATION_LEVEL = "-O";
				VALIDATE_PRODUCT = YES;
			};
			name = Release;
		};
		8A3D006A26A89967008BACDC /* Debug */ = {
			isa = XCBuildConfiguration;
			baseConfigurationReference = EE9FD90FBECAB4BD96025AAC /* Pods-RickAndMorty.debug.xcconfig */;
			buildSettings = {
				ASSETCATALOG_COMPILER_APPICON_NAME = AppIcon;
				ASSETCATALOG_COMPILER_GLOBAL_ACCENT_COLOR_NAME = AccentColor;
				CODE_SIGN_STYLE = Automatic;
				DEVELOPMENT_TEAM = 7Y3Y6FSWLG;
				INFOPLIST_FILE = RickAndMorty/Info.plist;
				LD_RUNPATH_SEARCH_PATHS = (
					"$(inherited)",
					"@executable_path/Frameworks",
				);
				PRODUCT_BUNDLE_IDENTIFIER = DmitryZhuchkov.RickAndMorty;
				PRODUCT_NAME = "$(TARGET_NAME)";
				SWIFT_VERSION = 5.0;
				TARGETED_DEVICE_FAMILY = "1,2";
			};
			name = Debug;
		};
		8A3D006B26A89967008BACDC /* Release */ = {
			isa = XCBuildConfiguration;
			baseConfigurationReference = 9DA661681DD053FAD0AA3EAB /* Pods-RickAndMorty.release.xcconfig */;
			buildSettings = {
				ASSETCATALOG_COMPILER_APPICON_NAME = AppIcon;
				ASSETCATALOG_COMPILER_GLOBAL_ACCENT_COLOR_NAME = AccentColor;
				CODE_SIGN_STYLE = Automatic;
				DEVELOPMENT_TEAM = 7Y3Y6FSWLG;
				INFOPLIST_FILE = RickAndMorty/Info.plist;
				LD_RUNPATH_SEARCH_PATHS = (
					"$(inherited)",
					"@executable_path/Frameworks",
				);
				PRODUCT_BUNDLE_IDENTIFIER = DmitryZhuchkov.RickAndMorty;
				PRODUCT_NAME = "$(TARGET_NAME)";
				SWIFT_VERSION = 5.0;
				TARGETED_DEVICE_FAMILY = "1,2";
			};
			name = Release;
		};
		8A3D006D26A89967008BACDC /* Debug */ = {
			isa = XCBuildConfiguration;
			baseConfigurationReference = 7EEA426960EB331B0FB0903A /* Pods-RickAndMortyTests.debug.xcconfig */;
			buildSettings = {
				ALWAYS_EMBED_SWIFT_STANDARD_LIBRARIES = YES;
				BUNDLE_LOADER = "$(TEST_HOST)";
				CODE_SIGN_STYLE = Automatic;
				DEVELOPMENT_TEAM = 7Y3Y6FSWLG;
				INFOPLIST_FILE = RickAndMortyTests/Info.plist;
				IPHONEOS_DEPLOYMENT_TARGET = 14.2;
				LD_RUNPATH_SEARCH_PATHS = (
					"$(inherited)",
					"@executable_path/Frameworks",
					"@loader_path/Frameworks",
				);
				PRODUCT_BUNDLE_IDENTIFIER = DmitryZhuchkov.RickAndMortyTests;
				PRODUCT_NAME = "$(TARGET_NAME)";
				SWIFT_VERSION = 5.0;
				TARGETED_DEVICE_FAMILY = "1,2";
				TEST_HOST = "$(BUILT_PRODUCTS_DIR)/RickAndMorty.app/RickAndMorty";
			};
			name = Debug;
		};
		8A3D006E26A89967008BACDC /* Release */ = {
			isa = XCBuildConfiguration;
			baseConfigurationReference = 247B593EAC981EF7DC70D259 /* Pods-RickAndMortyTests.release.xcconfig */;
			buildSettings = {
				ALWAYS_EMBED_SWIFT_STANDARD_LIBRARIES = YES;
				BUNDLE_LOADER = "$(TEST_HOST)";
				CODE_SIGN_STYLE = Automatic;
				DEVELOPMENT_TEAM = 7Y3Y6FSWLG;
				INFOPLIST_FILE = RickAndMortyTests/Info.plist;
				IPHONEOS_DEPLOYMENT_TARGET = 14.2;
				LD_RUNPATH_SEARCH_PATHS = (
					"$(inherited)",
					"@executable_path/Frameworks",
					"@loader_path/Frameworks",
				);
				PRODUCT_BUNDLE_IDENTIFIER = DmitryZhuchkov.RickAndMortyTests;
				PRODUCT_NAME = "$(TARGET_NAME)";
				SWIFT_VERSION = 5.0;
				TARGETED_DEVICE_FAMILY = "1,2";
				TEST_HOST = "$(BUILT_PRODUCTS_DIR)/RickAndMorty.app/RickAndMorty";
			};
			name = Release;
		};
		8A3D007026A89967008BACDC /* Debug */ = {
			isa = XCBuildConfiguration;
			baseConfigurationReference = 309F82E572456398D222A45D /* Pods-RickAndMorty-RickAndMortyUITests.debug.xcconfig */;
			buildSettings = {
				ALWAYS_EMBED_SWIFT_STANDARD_LIBRARIES = YES;
				CODE_SIGN_STYLE = Automatic;
				DEVELOPMENT_TEAM = 7Y3Y6FSWLG;
				INFOPLIST_FILE = RickAndMortyUITests/Info.plist;
				LD_RUNPATH_SEARCH_PATHS = (
					"$(inherited)",
					"@executable_path/Frameworks",
					"@loader_path/Frameworks",
				);
				PRODUCT_BUNDLE_IDENTIFIER = DmitryZhuchkov.RickAndMortyUITests;
				PRODUCT_NAME = "$(TARGET_NAME)";
				SWIFT_VERSION = 5.0;
				TARGETED_DEVICE_FAMILY = "1,2";
				TEST_TARGET_NAME = RickAndMorty;
			};
			name = Debug;
		};
		8A3D007126A89967008BACDC /* Release */ = {
			isa = XCBuildConfiguration;
			baseConfigurationReference = 8139F27982607C963E5F4AEE /* Pods-RickAndMorty-RickAndMortyUITests.release.xcconfig */;
			buildSettings = {
				ALWAYS_EMBED_SWIFT_STANDARD_LIBRARIES = YES;
				CODE_SIGN_STYLE = Automatic;
				DEVELOPMENT_TEAM = 7Y3Y6FSWLG;
				INFOPLIST_FILE = RickAndMortyUITests/Info.plist;
				LD_RUNPATH_SEARCH_PATHS = (
					"$(inherited)",
					"@executable_path/Frameworks",
					"@loader_path/Frameworks",
				);
				PRODUCT_BUNDLE_IDENTIFIER = DmitryZhuchkov.RickAndMortyUITests;
				PRODUCT_NAME = "$(TARGET_NAME)";
				SWIFT_VERSION = 5.0;
				TARGETED_DEVICE_FAMILY = "1,2";
				TEST_TARGET_NAME = RickAndMorty;
			};
			name = Release;
		};
/* End XCBuildConfiguration section */

/* Begin XCConfigurationList section */
		8A3D003A26A89965008BACDC /* Build configuration list for PBXProject "RickAndMorty" */ = {
			isa = XCConfigurationList;
			buildConfigurations = (
				8A3D006726A89967008BACDC /* Debug */,
				8A3D006826A89967008BACDC /* Release */,
			);
			defaultConfigurationIsVisible = 0;
			defaultConfigurationName = Release;
		};
		8A3D006926A89967008BACDC /* Build configuration list for PBXNativeTarget "RickAndMorty" */ = {
			isa = XCConfigurationList;
			buildConfigurations = (
				8A3D006A26A89967008BACDC /* Debug */,
				8A3D006B26A89967008BACDC /* Release */,
			);
			defaultConfigurationIsVisible = 0;
			defaultConfigurationName = Release;
		};
		8A3D006C26A89967008BACDC /* Build configuration list for PBXNativeTarget "RickAndMortyTests" */ = {
			isa = XCConfigurationList;
			buildConfigurations = (
				8A3D006D26A89967008BACDC /* Debug */,
				8A3D006E26A89967008BACDC /* Release */,
			);
			defaultConfigurationIsVisible = 0;
			defaultConfigurationName = Release;
		};
		8A3D006F26A89967008BACDC /* Build configuration list for PBXNativeTarget "RickAndMortyUITests" */ = {
			isa = XCConfigurationList;
			buildConfigurations = (
				8A3D007026A89967008BACDC /* Debug */,
				8A3D007126A89967008BACDC /* Release */,
			);
			defaultConfigurationIsVisible = 0;
			defaultConfigurationName = Release;
		};
/* End XCConfigurationList section */
	};
	rootObject = 8A3D003726A89965008BACDC /* Project object */;
}
